// !$*UTF8*$!
{
	archiveVersion = 1;
	classes = {
	};
	objectVersion = 52;
	objects = {

/* Begin PBXBuildFile section */
		058557BB273AAA24004C7B11 /* Assets.xcassets in Resources */ = {isa = PBXBuildFile; fileRef = 058557BA273AAA24004C7B11 /* Assets.xcassets */; };
		058557D9273AAEEB004C7B11 /* Preview Assets.xcassets in Resources */ = {isa = PBXBuildFile; fileRef = 058557D8273AAEEB004C7B11 /* Preview Assets.xcassets */; };
		2152FB042600AC8F00CF470E /* iOSApp.swift in Sources */ = {isa = PBXBuildFile; fileRef = 2152FB032600AC8F00CF470E /* iOSApp.swift */; };
		5C60310F29A675B10015BC85 /* DependencyLocator.swift in Sources */ = {isa = PBXBuildFile; fileRef = 5C60310E29A675B10015BC85 /* DependencyLocator.swift */; };
		5C60311129A682170015BC85 /* DriverInfoView.swift in Sources */ = {isa = PBXBuildFile; fileRef = 5C60311029A682170015BC85 /* DriverInfoView.swift */; };
		5C60311329A682470015BC85 /* DestinationBarView.swift in Sources */ = {isa = PBXBuildFile; fileRef = 5C60311229A682470015BC85 /* DestinationBarView.swift */; };
		5C60311C29A6AD560015BC85 /* GoogleMaps.bundle in Resources */ = {isa = PBXBuildFile; fileRef = 5C60311B29A6AD560015BC85 /* GoogleMaps.bundle */; };
		5C60312D29A6AE200015BC85 /* GLKit.framework in Frameworks */ = {isa = PBXBuildFile; fileRef = 5C60311D29A6AE1F0015BC85 /* GLKit.framework */; };
		5C60312E29A6AE200015BC85 /* libz.tbd in Frameworks */ = {isa = PBXBuildFile; fileRef = 5C60311E29A6AE1F0015BC85 /* libz.tbd */; };
		5C60312F29A6AE200015BC85 /* Accelerate.framework in Frameworks */ = {isa = PBXBuildFile; fileRef = 5C60311F29A6AE1F0015BC85 /* Accelerate.framework */; };
		5C60313029A6AE200015BC85 /* ImageIO.framework in Frameworks */ = {isa = PBXBuildFile; fileRef = 5C60312029A6AE1F0015BC85 /* ImageIO.framework */; };
		5C60313129A6AE200015BC85 /* CoreGraphics.framework in Frameworks */ = {isa = PBXBuildFile; fileRef = 5C60312129A6AE1F0015BC85 /* CoreGraphics.framework */; };
		5C60313229A6AE200015BC85 /* CoreLocation.framework in Frameworks */ = {isa = PBXBuildFile; fileRef = 5C60312229A6AE200015BC85 /* CoreLocation.framework */; };
		5C60313329A6AE200015BC85 /* Metal.framework in Frameworks */ = {isa = PBXBuildFile; fileRef = 5C60312329A6AE200015BC85 /* Metal.framework */; };
		5C60313429A6AE200015BC85 /* QuartzCore.framework in Frameworks */ = {isa = PBXBuildFile; fileRef = 5C60312429A6AE200015BC85 /* QuartzCore.framework */; };
		5C60313529A6AE200015BC85 /* SystemConfiguration.framework in Frameworks */ = {isa = PBXBuildFile; fileRef = 5C60312529A6AE200015BC85 /* SystemConfiguration.framework */; };
		5C60313629A6AE200015BC85 /* CoreText.framework in Frameworks */ = {isa = PBXBuildFile; fileRef = 5C60312629A6AE200015BC85 /* CoreText.framework */; };
		5C60313729A6AE200015BC85 /* CoreTelephony.framework in Frameworks */ = {isa = PBXBuildFile; fileRef = 5C60312729A6AE200015BC85 /* CoreTelephony.framework */; };
		5C60313829A6AE200015BC85 /* CoreData.framework in Frameworks */ = {isa = PBXBuildFile; fileRef = 5C60312829A6AE200015BC85 /* CoreData.framework */; };
		5C60313929A6AE200015BC85 /* UIKit.framework in Frameworks */ = {isa = PBXBuildFile; fileRef = 5C60312929A6AE200015BC85 /* UIKit.framework */; };
		5C60313A29A6AE200015BC85 /* CoreImage.framework in Frameworks */ = {isa = PBXBuildFile; fileRef = 5C60312A29A6AE200015BC85 /* CoreImage.framework */; };
		5C60313B29A6AE200015BC85 /* OpenGLES.framework in Frameworks */ = {isa = PBXBuildFile; fileRef = 5C60312B29A6AE200015BC85 /* OpenGLES.framework */; };
		5C60313C29A6AE200015BC85 /* libc++.tbd in Frameworks */ = {isa = PBXBuildFile; fileRef = 5C60312C29A6AE200015BC85 /* libc++.tbd */; };
		5C60314029A6AF5E0015BC85 /* GoogleMapsCore.xcframework in Frameworks */ = {isa = PBXBuildFile; fileRef = 5C60313D29A6AF5C0015BC85 /* GoogleMapsCore.xcframework */; };
		5C60314129A6AF5E0015BC85 /* GoogleMaps.xcframework in Frameworks */ = {isa = PBXBuildFile; fileRef = 5C60313E29A6AF5E0015BC85 /* GoogleMaps.xcframework */; };
		5C60314229A6AF5E0015BC85 /* GoogleMapsBase.xcframework in Frameworks */ = {isa = PBXBuildFile; fileRef = 5C60313F29A6AF5E0015BC85 /* GoogleMapsBase.xcframework */; };
		5C60314429A6B1780015BC85 /* GooglePlaces.xcframework in Frameworks */ = {isa = PBXBuildFile; fileRef = 5C60314329A6B1780015BC85 /* GooglePlaces.xcframework */; };
		5C60314629A6B1FD0015BC85 /* GooglePlaces.bundle in Resources */ = {isa = PBXBuildFile; fileRef = 5C60314529A6B1FD0015BC85 /* GooglePlaces.bundle */; };
		5C60314829A6C85E0015BC85 /* AppConfig.xcconfig in Resources */ = {isa = PBXBuildFile; fileRef = 5C60314729A6C85E0015BC85 /* AppConfig.xcconfig */; };
		5C60314A29A6C9270015BC85 /* AppDelegate.swift in Sources */ = {isa = PBXBuildFile; fileRef = 5C60314929A6C9270015BC85 /* AppDelegate.swift */; };
		5C60314D29A6D39C0015BC85 /* GoogleMapView.swift in Sources */ = {isa = PBXBuildFile; fileRef = 5C60314C29A6D39C0015BC85 /* GoogleMapView.swift */; };
		5CDDBA6729A28318007A8DCC /* SplashView.swift in Sources */ = {isa = PBXBuildFile; fileRef = 5CDDBA6629A28318007A8DCC /* SplashView.swift */; };
		5CDDBA6929A28325007A8DCC /* LoginView.swift in Sources */ = {isa = PBXBuildFile; fileRef = 5CDDBA6829A28325007A8DCC /* LoginView.swift */; };
		5CDDBA6B29A28336007A8DCC /* PassengerDashboardView.swift in Sources */ = {isa = PBXBuildFile; fileRef = 5CDDBA6A29A28336007A8DCC /* PassengerDashboardView.swift */; };
		5CDDBA6E29A2847F007A8DCC /* Localizable.strings in Resources */ = {isa = PBXBuildFile; fileRef = 5CDDBA7029A2847F007A8DCC /* Localizable.strings */; };
		5CDDBA7D29A415AC007A8DCC /* SplashViewModel.swift in Sources */ = {isa = PBXBuildFile; fileRef = 5CDDBA7C29A415AC007A8DCC /* SplashViewModel.swift */; };
		5CDDBA7F29A41E0C007A8DCC /* Constants.swift in Sources */ = {isa = PBXBuildFile; fileRef = 5CDDBA7E29A41E0C007A8DCC /* Constants.swift */; };
		5CDDBA8A29A52D04007A8DCC /* poppins_semi_bold.ttf in Resources */ = {isa = PBXBuildFile; fileRef = 5CDDBA8529A52D04007A8DCC /* poppins_semi_bold.ttf */; };
		5CDDBA8B29A52D04007A8DCC /* poppins_medium.ttf in Resources */ = {isa = PBXBuildFile; fileRef = 5CDDBA8629A52D04007A8DCC /* poppins_medium.ttf */; };
		5CDDBA8C29A52D04007A8DCC /* poppins_bold.ttf in Resources */ = {isa = PBXBuildFile; fileRef = 5CDDBA8729A52D04007A8DCC /* poppins_bold.ttf */; };
		5CDDBA8D29A52D04007A8DCC /* poppins_light.ttf in Resources */ = {isa = PBXBuildFile; fileRef = 5CDDBA8829A52D04007A8DCC /* poppins_light.ttf */; };
		5CDDBA8E29A52D04007A8DCC /* poppins_regular.ttf in Resources */ = {isa = PBXBuildFile; fileRef = 5CDDBA8929A52D04007A8DCC /* poppins_regular.ttf */; };
		5CDDBA9029A5662D007A8DCC /* LoginViewModel.swift in Sources */ = {isa = PBXBuildFile; fileRef = 5CDDBA8F29A5662D007A8DCC /* LoginViewModel.swift */; };
		5CDDBA9229A57276007A8DCC /* PassengerDashboardViewModel.swift in Sources */ = {isa = PBXBuildFile; fileRef = 5CDDBA9129A57276007A8DCC /* PassengerDashboardViewModel.swift */; };
		7555FF83242A565900829871 /* ContentView.swift in Sources */ = {isa = PBXBuildFile; fileRef = 7555FF82242A565900829871 /* ContentView.swift */; };
/* End PBXBuildFile section */

/* Begin PBXCopyFilesBuildPhase section */
		7555FFB4242A642300829871 /* Embed Frameworks */ = {
			isa = PBXCopyFilesBuildPhase;
			buildActionMask = 2147483647;
			dstPath = "";
			dstSubfolderSpec = 10;
			files = (
			);
			name = "Embed Frameworks";
			runOnlyForDeploymentPostprocessing = 0;
		};
/* End PBXCopyFilesBuildPhase section */

/* Begin PBXFileReference section */
		058557BA273AAA24004C7B11 /* Assets.xcassets */ = {isa = PBXFileReference; lastKnownFileType = folder.assetcatalog; path = Assets.xcassets; sourceTree = "<group>"; };
		058557D8273AAEEB004C7B11 /* Preview Assets.xcassets */ = {isa = PBXFileReference; lastKnownFileType = folder.assetcatalog; path = "Preview Assets.xcassets"; sourceTree = "<group>"; };
		2152FB032600AC8F00CF470E /* iOSApp.swift */ = {isa = PBXFileReference; lastKnownFileType = sourcecode.swift; path = iOSApp.swift; sourceTree = "<group>"; };
		5C60310E29A675B10015BC85 /* DependencyLocator.swift */ = {isa = PBXFileReference; lastKnownFileType = sourcecode.swift; path = DependencyLocator.swift; sourceTree = "<group>"; };
		5C60311029A682170015BC85 /* DriverInfoView.swift */ = {isa = PBXFileReference; lastKnownFileType = sourcecode.swift; path = DriverInfoView.swift; sourceTree = "<group>"; };
		5C60311229A682470015BC85 /* DestinationBarView.swift */ = {isa = PBXFileReference; lastKnownFileType = sourcecode.swift; path = DestinationBarView.swift; sourceTree = "<group>"; };
		5C60311B29A6AD560015BC85 /* GoogleMaps.bundle */ = {isa = PBXFileReference; lastKnownFileType = "wrapper.plug-in"; name = GoogleMaps.bundle; path = "../../../Downloads/GoogleMaps-7.3.0/Maps/Frameworks/GoogleMaps.xcframework/ios-arm64/GoogleMaps.framework/Resources/GoogleMaps.bundle"; sourceTree = "<group>"; };
		5C60311D29A6AE1F0015BC85 /* GLKit.framework */ = {isa = PBXFileReference; lastKnownFileType = wrapper.framework; name = GLKit.framework; path = System/Library/Frameworks/GLKit.framework; sourceTree = SDKROOT; };
		5C60311E29A6AE1F0015BC85 /* libz.tbd */ = {isa = PBXFileReference; lastKnownFileType = "sourcecode.text-based-dylib-definition"; name = libz.tbd; path = usr/lib/libz.tbd; sourceTree = SDKROOT; };
		5C60311F29A6AE1F0015BC85 /* Accelerate.framework */ = {isa = PBXFileReference; lastKnownFileType = wrapper.framework; name = Accelerate.framework; path = System/Library/Frameworks/Accelerate.framework; sourceTree = SDKROOT; };
		5C60312029A6AE1F0015BC85 /* ImageIO.framework */ = {isa = PBXFileReference; lastKnownFileType = wrapper.framework; name = ImageIO.framework; path = System/Library/Frameworks/ImageIO.framework; sourceTree = SDKROOT; };
		5C60312129A6AE1F0015BC85 /* CoreGraphics.framework */ = {isa = PBXFileReference; lastKnownFileType = wrapper.framework; name = CoreGraphics.framework; path = System/Library/Frameworks/CoreGraphics.framework; sourceTree = SDKROOT; };
		5C60312229A6AE200015BC85 /* CoreLocation.framework */ = {isa = PBXFileReference; lastKnownFileType = wrapper.framework; name = CoreLocation.framework; path = System/Library/Frameworks/CoreLocation.framework; sourceTree = SDKROOT; };
		5C60312329A6AE200015BC85 /* Metal.framework */ = {isa = PBXFileReference; lastKnownFileType = wrapper.framework; name = Metal.framework; path = System/Library/Frameworks/Metal.framework; sourceTree = SDKROOT; };
		5C60312429A6AE200015BC85 /* QuartzCore.framework */ = {isa = PBXFileReference; lastKnownFileType = wrapper.framework; name = QuartzCore.framework; path = System/Library/Frameworks/QuartzCore.framework; sourceTree = SDKROOT; };
		5C60312529A6AE200015BC85 /* SystemConfiguration.framework */ = {isa = PBXFileReference; lastKnownFileType = wrapper.framework; name = SystemConfiguration.framework; path = System/Library/Frameworks/SystemConfiguration.framework; sourceTree = SDKROOT; };
		5C60312629A6AE200015BC85 /* CoreText.framework */ = {isa = PBXFileReference; lastKnownFileType = wrapper.framework; name = CoreText.framework; path = System/Library/Frameworks/CoreText.framework; sourceTree = SDKROOT; };
		5C60312729A6AE200015BC85 /* CoreTelephony.framework */ = {isa = PBXFileReference; lastKnownFileType = wrapper.framework; name = CoreTelephony.framework; path = System/Library/Frameworks/CoreTelephony.framework; sourceTree = SDKROOT; };
		5C60312829A6AE200015BC85 /* CoreData.framework */ = {isa = PBXFileReference; lastKnownFileType = wrapper.framework; name = CoreData.framework; path = System/Library/Frameworks/CoreData.framework; sourceTree = SDKROOT; };
		5C60312929A6AE200015BC85 /* UIKit.framework */ = {isa = PBXFileReference; lastKnownFileType = wrapper.framework; name = UIKit.framework; path = System/Library/Frameworks/UIKit.framework; sourceTree = SDKROOT; };
		5C60312A29A6AE200015BC85 /* CoreImage.framework */ = {isa = PBXFileReference; lastKnownFileType = wrapper.framework; name = CoreImage.framework; path = System/Library/Frameworks/CoreImage.framework; sourceTree = SDKROOT; };
		5C60312B29A6AE200015BC85 /* OpenGLES.framework */ = {isa = PBXFileReference; lastKnownFileType = wrapper.framework; name = OpenGLES.framework; path = System/Library/Frameworks/OpenGLES.framework; sourceTree = SDKROOT; };
		5C60312C29A6AE200015BC85 /* libc++.tbd */ = {isa = PBXFileReference; lastKnownFileType = "sourcecode.text-based-dylib-definition"; name = "libc++.tbd"; path = "usr/lib/libc++.tbd"; sourceTree = SDKROOT; };
		5C60313D29A6AF5C0015BC85 /* GoogleMapsCore.xcframework */ = {isa = PBXFileReference; lastKnownFileType = wrapper.xcframework; path = GoogleMapsCore.xcframework; sourceTree = "<group>"; };
		5C60313E29A6AF5E0015BC85 /* GoogleMaps.xcframework */ = {isa = PBXFileReference; lastKnownFileType = wrapper.xcframework; path = GoogleMaps.xcframework; sourceTree = "<group>"; };
		5C60313F29A6AF5E0015BC85 /* GoogleMapsBase.xcframework */ = {isa = PBXFileReference; lastKnownFileType = wrapper.xcframework; name = GoogleMapsBase.xcframework; path = "../../../Downloads/GoogleMaps-7.3.0/Base/Frameworks/GoogleMapsBase.xcframework"; sourceTree = "<group>"; };
		5C60314329A6B1780015BC85 /* GooglePlaces.xcframework */ = {isa = PBXFileReference; lastKnownFileType = wrapper.xcframework; path = GooglePlaces.xcframework; sourceTree = "<group>"; };
		5C60314529A6B1FD0015BC85 /* GooglePlaces.bundle */ = {isa = PBXFileReference; lastKnownFileType = "wrapper.plug-in"; name = GooglePlaces.bundle; path = "GooglePlaces.xcframework/ios-arm64_x86_64-simulator/GooglePlaces.framework/Resources/GooglePlaces.bundle"; sourceTree = "<group>"; };
		5C60314729A6C85E0015BC85 /* AppConfig.xcconfig */ = {isa = PBXFileReference; lastKnownFileType = text.xcconfig; path = AppConfig.xcconfig; sourceTree = "<group>"; };
		5C60314929A6C9270015BC85 /* AppDelegate.swift */ = {isa = PBXFileReference; lastKnownFileType = sourcecode.swift; path = AppDelegate.swift; sourceTree = "<group>"; };
		5C60314C29A6D39C0015BC85 /* GoogleMapView.swift */ = {isa = PBXFileReference; lastKnownFileType = sourcecode.swift; path = GoogleMapView.swift; sourceTree = "<group>"; };
		5CDDBA6629A28318007A8DCC /* SplashView.swift */ = {isa = PBXFileReference; lastKnownFileType = sourcecode.swift; path = SplashView.swift; sourceTree = "<group>"; };
		5CDDBA6829A28325007A8DCC /* LoginView.swift */ = {isa = PBXFileReference; lastKnownFileType = sourcecode.swift; path = LoginView.swift; sourceTree = "<group>"; };
		5CDDBA6A29A28336007A8DCC /* PassengerDashboardView.swift */ = {isa = PBXFileReference; lastKnownFileType = sourcecode.swift; path = PassengerDashboardView.swift; sourceTree = "<group>"; };
		5CDDBA6F29A2847F007A8DCC /* en */ = {isa = PBXFileReference; lastKnownFileType = text.plist.strings; name = en; path = en.lproj/Localizable.strings; sourceTree = "<group>"; };
		5CDDBA7C29A415AC007A8DCC /* SplashViewModel.swift */ = {isa = PBXFileReference; lastKnownFileType = sourcecode.swift; path = SplashViewModel.swift; sourceTree = "<group>"; };
		5CDDBA7E29A41E0C007A8DCC /* Constants.swift */ = {isa = PBXFileReference; lastKnownFileType = sourcecode.swift; path = Constants.swift; sourceTree = "<group>"; };
		5CDDBA8529A52D04007A8DCC /* poppins_semi_bold.ttf */ = {isa = PBXFileReference; lastKnownFileType = file; name = poppins_semi_bold.ttf; path = ../../../androidApp/src/main/res/font/poppins_semi_bold.ttf; sourceTree = "<group>"; };
		5CDDBA8629A52D04007A8DCC /* poppins_medium.ttf */ = {isa = PBXFileReference; lastKnownFileType = file; name = poppins_medium.ttf; path = ../../../androidApp/src/main/res/font/poppins_medium.ttf; sourceTree = "<group>"; };
		5CDDBA8729A52D04007A8DCC /* poppins_bold.ttf */ = {isa = PBXFileReference; lastKnownFileType = file; name = poppins_bold.ttf; path = ../../../androidApp/src/main/res/font/poppins_bold.ttf; sourceTree = "<group>"; };
		5CDDBA8829A52D04007A8DCC /* poppins_light.ttf */ = {isa = PBXFileReference; lastKnownFileType = file; name = poppins_light.ttf; path = ../../../androidApp/src/main/res/font/poppins_light.ttf; sourceTree = "<group>"; };
		5CDDBA8929A52D04007A8DCC /* poppins_regular.ttf */ = {isa = PBXFileReference; lastKnownFileType = file; name = poppins_regular.ttf; path = ../../../androidApp/src/main/res/font/poppins_regular.ttf; sourceTree = "<group>"; };
		5CDDBA8F29A5662D007A8DCC /* LoginViewModel.swift */ = {isa = PBXFileReference; lastKnownFileType = sourcecode.swift; path = LoginViewModel.swift; sourceTree = "<group>"; };
		5CDDBA9129A57276007A8DCC /* PassengerDashboardViewModel.swift */ = {isa = PBXFileReference; lastKnownFileType = sourcecode.swift; path = PassengerDashboardViewModel.swift; sourceTree = "<group>"; };
		7555FF7B242A565900829871 /* iosApp.app */ = {isa = PBXFileReference; explicitFileType = wrapper.application; includeInIndex = 0; path = iosApp.app; sourceTree = BUILT_PRODUCTS_DIR; };
		7555FF82242A565900829871 /* ContentView.swift */ = {isa = PBXFileReference; lastKnownFileType = sourcecode.swift; path = ContentView.swift; sourceTree = "<group>"; };
		7555FF8C242A565B00829871 /* Info.plist */ = {isa = PBXFileReference; lastKnownFileType = text.plist.xml; path = Info.plist; sourceTree = "<group>"; };
/* End PBXFileReference section */

/* Begin PBXFrameworksBuildPhase section */
		7555FF78242A565900829871 /* Frameworks */ = {
			isa = PBXFrameworksBuildPhase;
			buildActionMask = 2147483647;
			files = (
				5C60312D29A6AE200015BC85 /* GLKit.framework in Frameworks */,
				5C60312E29A6AE200015BC85 /* libz.tbd in Frameworks */,
				5C60312F29A6AE200015BC85 /* Accelerate.framework in Frameworks */,
				5C60313029A6AE200015BC85 /* ImageIO.framework in Frameworks */,
				5C60313129A6AE200015BC85 /* CoreGraphics.framework in Frameworks */,
				5C60313229A6AE200015BC85 /* CoreLocation.framework in Frameworks */,
				5C60313329A6AE200015BC85 /* Metal.framework in Frameworks */,
				5C60313429A6AE200015BC85 /* QuartzCore.framework in Frameworks */,
				5C60314029A6AF5E0015BC85 /* GoogleMapsCore.xcframework in Frameworks */,
				5C60314129A6AF5E0015BC85 /* GoogleMaps.xcframework in Frameworks */,
				5C60314229A6AF5E0015BC85 /* GoogleMapsBase.xcframework in Frameworks */,
				5C60313529A6AE200015BC85 /* SystemConfiguration.framework in Frameworks */,
				5C60314429A6B1780015BC85 /* GooglePlaces.xcframework in Frameworks */,
				5C60313629A6AE200015BC85 /* CoreText.framework in Frameworks */,
				5C60313729A6AE200015BC85 /* CoreTelephony.framework in Frameworks */,
				5C60313829A6AE200015BC85 /* CoreData.framework in Frameworks */,
				5C60313929A6AE200015BC85 /* UIKit.framework in Frameworks */,
				5C60313A29A6AE200015BC85 /* CoreImage.framework in Frameworks */,
				5C60313B29A6AE200015BC85 /* OpenGLES.framework in Frameworks */,
				5C60313C29A6AE200015BC85 /* libc++.tbd in Frameworks */,
			);
			runOnlyForDeploymentPostprocessing = 0;
		};
/* End PBXFrameworksBuildPhase section */

/* Begin PBXGroup section */
		058557D7273AAEEB004C7B11 /* Preview Content */ = {
			isa = PBXGroup;
			children = (
				058557D8273AAEEB004C7B11 /* Preview Assets.xcassets */,
			);
			path = "Preview Content";
			sourceTree = "<group>";
		};
		5C60314B29A6D38D0015BC85 /* maps */ = {
			isa = PBXGroup;
			children = (
				5C60314C29A6D39C0015BC85 /* GoogleMapView.swift */,
			);
			path = maps;
			sourceTree = "<group>";
		};
		5CDDBA6529A282C0007A8DCC /* ui */ = {
			isa = PBXGroup;
			children = (
				5C60314B29A6D38D0015BC85 /* maps */,
				5CDDBA7E29A41E0C007A8DCC /* Constants.swift */,
				5CDDBA7B29A41590007A8DCC /* passengerdashboard */,
				5CDDBA7A29A41588007A8DCC /* login */,
				5CDDBA7929A4157B007A8DCC /* splash */,
				7555FF82242A565900829871 /* ContentView.swift */,
			);
			path = ui;
			sourceTree = "<group>";
		};
		5CDDBA7129A2A4D4007A8DCC /* services */ = {
			isa = PBXGroup;
			children = (
			);
			path = services;
			sourceTree = "<group>";
		};
		5CDDBA7929A4157B007A8DCC /* splash */ = {
			isa = PBXGroup;
			children = (
				5CDDBA6629A28318007A8DCC /* SplashView.swift */,
				5CDDBA7C29A415AC007A8DCC /* SplashViewModel.swift */,
			);
			path = splash;
			sourceTree = "<group>";
		};
		5CDDBA7A29A41588007A8DCC /* login */ = {
			isa = PBXGroup;
			children = (
				5CDDBA6829A28325007A8DCC /* LoginView.swift */,
				5CDDBA8F29A5662D007A8DCC /* LoginViewModel.swift */,
			);
			path = login;
			sourceTree = "<group>";
		};
		5CDDBA7B29A41590007A8DCC /* passengerdashboard */ = {
			isa = PBXGroup;
			children = (
				5CDDBA6A29A28336007A8DCC /* PassengerDashboardView.swift */,
				5CDDBA9129A57276007A8DCC /* PassengerDashboardViewModel.swift */,
				5C60311029A682170015BC85 /* DriverInfoView.swift */,
				5C60311229A682470015BC85 /* DestinationBarView.swift */,
			);
			path = passengerdashboard;
			sourceTree = "<group>";
		};
		5CDDBA8429A52CCB007A8DCC /* fonts */ = {
			isa = PBXGroup;
			children = (
				5CDDBA8729A52D04007A8DCC /* poppins_bold.ttf */,
				5CDDBA8829A52D04007A8DCC /* poppins_light.ttf */,
				5CDDBA8629A52D04007A8DCC /* poppins_medium.ttf */,
				5CDDBA8929A52D04007A8DCC /* poppins_regular.ttf */,
				5CDDBA8529A52D04007A8DCC /* poppins_semi_bold.ttf */,
			);
			path = fonts;
			sourceTree = "<group>";
		};
		7555FF72242A565900829871 = {
			isa = PBXGroup;
			children = (
				5C60314529A6B1FD0015BC85 /* GooglePlaces.bundle */,
				5C60311B29A6AD560015BC85 /* GoogleMaps.bundle */,
				7555FF7D242A565900829871 /* iosApp */,
				7555FF7C242A565900829871 /* Products */,
				7555FFB0242A642200829871 /* Frameworks */,
			);
			sourceTree = "<group>";
		};
		7555FF7C242A565900829871 /* Products */ = {
			isa = PBXGroup;
			children = (
				7555FF7B242A565900829871 /* iosApp.app */,
			);
			name = Products;
			sourceTree = "<group>";
		};
		7555FF7D242A565900829871 /* iosApp */ = {
			isa = PBXGroup;
			children = (
				5CDDBA8429A52CCB007A8DCC /* fonts */,
				5CDDBA7129A2A4D4007A8DCC /* services */,
				5CDDBA7029A2847F007A8DCC /* Localizable.strings */,
				058557BA273AAA24004C7B11 /* Assets.xcassets */,
				5CDDBA6529A282C0007A8DCC /* ui */,
				7555FF8C242A565B00829871 /* Info.plist */,
				2152FB032600AC8F00CF470E /* iOSApp.swift */,
				058557D7273AAEEB004C7B11 /* Preview Content */,
				5C60310E29A675B10015BC85 /* DependencyLocator.swift */,
				5C60314729A6C85E0015BC85 /* AppConfig.xcconfig */,
				5C60314929A6C9270015BC85 /* AppDelegate.swift */,
			);
			path = iosApp;
			sourceTree = "<group>";
		};
		7555FFB0242A642200829871 /* Frameworks */ = {
			isa = PBXGroup;
			children = (
				5C60314329A6B1780015BC85 /* GooglePlaces.xcframework */,
				5C60313E29A6AF5E0015BC85 /* GoogleMaps.xcframework */,
				5C60313F29A6AF5E0015BC85 /* GoogleMapsBase.xcframework */,
				5C60313D29A6AF5C0015BC85 /* GoogleMapsCore.xcframework */,
				5C60311F29A6AE1F0015BC85 /* Accelerate.framework */,
				5C60312829A6AE200015BC85 /* CoreData.framework */,
				5C60312129A6AE1F0015BC85 /* CoreGraphics.framework */,
				5C60312A29A6AE200015BC85 /* CoreImage.framework */,
				5C60312229A6AE200015BC85 /* CoreLocation.framework */,
				5C60312729A6AE200015BC85 /* CoreTelephony.framework */,
				5C60312629A6AE200015BC85 /* CoreText.framework */,
				5C60311D29A6AE1F0015BC85 /* GLKit.framework */,
				5C60312029A6AE1F0015BC85 /* ImageIO.framework */,
				5C60312C29A6AE200015BC85 /* libc++.tbd */,
				5C60311E29A6AE1F0015BC85 /* libz.tbd */,
				5C60312329A6AE200015BC85 /* Metal.framework */,
				5C60312B29A6AE200015BC85 /* OpenGLES.framework */,
				5C60312429A6AE200015BC85 /* QuartzCore.framework */,
				5C60312529A6AE200015BC85 /* SystemConfiguration.framework */,
				5C60312929A6AE200015BC85 /* UIKit.framework */,
			);
			name = Frameworks;
			sourceTree = "<group>";
		};
/* End PBXGroup section */

/* Begin PBXNativeTarget section */
		7555FF7A242A565900829871 /* iosApp */ = {
			isa = PBXNativeTarget;
			buildConfigurationList = 7555FFA5242A565B00829871 /* Build configuration list for PBXNativeTarget "iosApp" */;
			buildPhases = (
				7555FFB5242A651A00829871 /* ShellScript */,
				7555FF77242A565900829871 /* Sources */,
				7555FF78242A565900829871 /* Frameworks */,
				7555FF79242A565900829871 /* Resources */,
				7555FFB4242A642300829871 /* Embed Frameworks */,
			);
			buildRules = (
			);
			dependencies = (
			);
			name = iosApp;
			productName = iosApp;
			productReference = 7555FF7B242A565900829871 /* iosApp.app */;
			productType = "com.apple.product-type.application";
		};
/* End PBXNativeTarget section */

/* Begin PBXProject section */
		7555FF73242A565900829871 /* Project object */ = {
			isa = PBXProject;
			attributes = {
				LastSwiftUpdateCheck = 1130;
				LastUpgradeCheck = 1130;
				ORGANIZATIONNAME = orgName;
				TargetAttributes = {
					7555FF7A242A565900829871 = {
						CreatedOnToolsVersion = 11.3.1;
					};
				};
			};
			buildConfigurationList = 7555FF76242A565900829871 /* Build configuration list for PBXProject "iosApp" */;
			compatibilityVersion = "Xcode 9.3";
			developmentRegion = en;
			hasScannedForEncodings = 0;
			knownRegions = (
				en,
				Base,
			);
			mainGroup = 7555FF72242A565900829871;
			productRefGroup = 7555FF7C242A565900829871 /* Products */;
			projectDirPath = "";
			projectRoot = "";
			targets = (
				7555FF7A242A565900829871 /* iosApp */,
			);
		};
/* End PBXProject section */

/* Begin PBXResourcesBuildPhase section */
		7555FF79242A565900829871 /* Resources */ = {
			isa = PBXResourcesBuildPhase;
			buildActionMask = 2147483647;
			files = (
				5C60311C29A6AD560015BC85 /* GoogleMaps.bundle in Resources */,
				5C60314829A6C85E0015BC85 /* AppConfig.xcconfig in Resources */,
				058557D9273AAEEB004C7B11 /* Preview Assets.xcassets in Resources */,
				5CDDBA8E29A52D04007A8DCC /* poppins_regular.ttf in Resources */,
				5CDDBA8D29A52D04007A8DCC /* poppins_light.ttf in Resources */,
				5C60314629A6B1FD0015BC85 /* GooglePlaces.bundle in Resources */,
				5CDDBA8B29A52D04007A8DCC /* poppins_medium.ttf in Resources */,
				5CDDBA6E29A2847F007A8DCC /* Localizable.strings in Resources */,
				058557BB273AAA24004C7B11 /* Assets.xcassets in Resources */,
				5CDDBA8A29A52D04007A8DCC /* poppins_semi_bold.ttf in Resources */,
				5CDDBA8C29A52D04007A8DCC /* poppins_bold.ttf in Resources */,
			);
			runOnlyForDeploymentPostprocessing = 0;
		};
/* End PBXResourcesBuildPhase section */

/* Begin PBXShellScriptBuildPhase section */
		7555FFB5242A651A00829871 /* ShellScript */ = {
			isa = PBXShellScriptBuildPhase;
			buildActionMask = 2147483647;
			files = (
			);
			inputFileListPaths = (
			);
			inputPaths = (
			);
			outputFileListPaths = (
			);
			outputPaths = (
			);
			runOnlyForDeploymentPostprocessing = 0;
			shellPath = /bin/sh;
			shellScript = "cd \"$SRCROOT/..\"\n./gradlew :shared:embedAndSignAppleFrameworkForXcode\n";
		};
/* End PBXShellScriptBuildPhase section */

/* Begin PBXSourcesBuildPhase section */
		7555FF77242A565900829871 /* Sources */ = {
			isa = PBXSourcesBuildPhase;
			buildActionMask = 2147483647;
			files = (
				5CDDBA6729A28318007A8DCC /* SplashView.swift in Sources */,
				5C60310F29A675B10015BC85 /* DependencyLocator.swift in Sources */,
				5CDDBA6929A28325007A8DCC /* LoginView.swift in Sources */,
				5CDDBA6B29A28336007A8DCC /* PassengerDashboardView.swift in Sources */,
				5CDDBA9229A57276007A8DCC /* PassengerDashboardViewModel.swift in Sources */,
				2152FB042600AC8F00CF470E /* iOSApp.swift in Sources */,
				5CDDBA9029A5662D007A8DCC /* LoginViewModel.swift in Sources */,
				7555FF83242A565900829871 /* ContentView.swift in Sources */,
				5C60314A29A6C9270015BC85 /* AppDelegate.swift in Sources */,
				5C60311129A682170015BC85 /* DriverInfoView.swift in Sources */,
				5C60314D29A6D39C0015BC85 /* GoogleMapView.swift in Sources */,
				5C60311329A682470015BC85 /* DestinationBarView.swift in Sources */,
				5CDDBA7D29A415AC007A8DCC /* SplashViewModel.swift in Sources */,
				5CDDBA7F29A41E0C007A8DCC /* Constants.swift in Sources */,
			);
			runOnlyForDeploymentPostprocessing = 0;
		};
/* End PBXSourcesBuildPhase section */

/* Begin PBXVariantGroup section */
		5CDDBA7029A2847F007A8DCC /* Localizable.strings */ = {
			isa = PBXVariantGroup;
			children = (
				5CDDBA6F29A2847F007A8DCC /* en */,
			);
			name = Localizable.strings;
			sourceTree = "<group>";
		};
/* End PBXVariantGroup section */

/* Begin XCBuildConfiguration section */
		7555FFA3242A565B00829871 /* Debug */ = {
			isa = XCBuildConfiguration;
			buildSettings = {
				ALWAYS_SEARCH_USER_PATHS = NO;
				CLANG_ANALYZER_NONNULL = YES;
				CLANG_ANALYZER_NUMBER_OBJECT_CONVERSION = YES_AGGRESSIVE;
				CLANG_CXX_LANGUAGE_STANDARD = "gnu++14";
				CLANG_CXX_LIBRARY = "libc++";
				CLANG_ENABLE_MODULES = YES;
				CLANG_ENABLE_OBJC_ARC = YES;
				CLANG_ENABLE_OBJC_WEAK = YES;
				CLANG_WARN_BLOCK_CAPTURE_AUTORELEASING = YES;
				CLANG_WARN_BOOL_CONVERSION = YES;
				CLANG_WARN_COMMA = YES;
				CLANG_WARN_CONSTANT_CONVERSION = YES;
				CLANG_WARN_DEPRECATED_OBJC_IMPLEMENTATIONS = YES;
				CLANG_WARN_DIRECT_OBJC_ISA_USAGE = YES_ERROR;
				CLANG_WARN_DOCUMENTATION_COMMENTS = YES;
				CLANG_WARN_EMPTY_BODY = YES;
				CLANG_WARN_ENUM_CONVERSION = YES;
				CLANG_WARN_INFINITE_RECURSION = YES;
				CLANG_WARN_INT_CONVERSION = YES;
				CLANG_WARN_NON_LITERAL_NULL_CONVERSION = YES;
				CLANG_WARN_OBJC_IMPLICIT_RETAIN_SELF = YES;
				CLANG_WARN_OBJC_LITERAL_CONVERSION = YES;
				CLANG_WARN_OBJC_ROOT_CLASS = YES_ERROR;
				CLANG_WARN_QUOTED_INCLUDE_IN_FRAMEWORK_HEADER = YES;
				CLANG_WARN_RANGE_LOOP_ANALYSIS = YES;
				CLANG_WARN_STRICT_PROTOTYPES = YES;
				CLANG_WARN_SUSPICIOUS_MOVE = YES;
				CLANG_WARN_UNGUARDED_AVAILABILITY = YES_AGGRESSIVE;
				CLANG_WARN_UNREACHABLE_CODE = YES;
				CLANG_WARN__DUPLICATE_METHOD_MATCH = YES;
				COPY_PHASE_STRIP = NO;
				DEBUG_INFORMATION_FORMAT = "dwarf-with-dsym";
				ENABLE_STRICT_OBJC_MSGSEND = YES;
				ENABLE_TESTABILITY = YES;
				GCC_C_LANGUAGE_STANDARD = gnu11;
				GCC_DYNAMIC_NO_PIC = NO;
				GCC_NO_COMMON_BLOCKS = YES;
				GCC_OPTIMIZATION_LEVEL = 0;
				GCC_PREPROCESSOR_DEFINITIONS = (
					"DEBUG=1",
					"$(inherited)",
				);
				GCC_WARN_64_TO_32_BIT_CONVERSION = YES;
				GCC_WARN_ABOUT_RETURN_TYPE = YES_ERROR;
				GCC_WARN_UNDECLARED_SELECTOR = YES;
				GCC_WARN_UNINITIALIZED_AUTOS = YES_AGGRESSIVE;
				GCC_WARN_UNUSED_FUNCTION = YES;
				GCC_WARN_UNUSED_VARIABLE = YES;
				IPHONEOS_DEPLOYMENT_TARGET = 14.1;
				MTL_ENABLE_DEBUG_INFO = INCLUDE_SOURCE;
				MTL_FAST_MATH = YES;
				ONLY_ACTIVE_ARCH = YES;
				"OTHER_LDFLAGS[arch=*]" = "-ObjC";
				SDKROOT = iphoneos;
				SWIFT_ACTIVE_COMPILATION_CONDITIONS = DEBUG;
				SWIFT_OPTIMIZATION_LEVEL = "-Onone";
			};
			name = Debug;
		};
		7555FFA4242A565B00829871 /* Release */ = {
			isa = XCBuildConfiguration;
			buildSettings = {
				ALWAYS_SEARCH_USER_PATHS = NO;
				CLANG_ANALYZER_NONNULL = YES;
				CLANG_ANALYZER_NUMBER_OBJECT_CONVERSION = YES_AGGRESSIVE;
				CLANG_CXX_LANGUAGE_STANDARD = "gnu++14";
				CLANG_CXX_LIBRARY = "libc++";
				CLANG_ENABLE_MODULES = YES;
				CLANG_ENABLE_OBJC_ARC = YES;
				CLANG_ENABLE_OBJC_WEAK = YES;
				CLANG_WARN_BLOCK_CAPTURE_AUTORELEASING = YES;
				CLANG_WARN_BOOL_CONVERSION = YES;
				CLANG_WARN_COMMA = YES;
				CLANG_WARN_CONSTANT_CONVERSION = YES;
				CLANG_WARN_DEPRECATED_OBJC_IMPLEMENTATIONS = YES;
				CLANG_WARN_DIRECT_OBJC_ISA_USAGE = YES_ERROR;
				CLANG_WARN_DOCUMENTATION_COMMENTS = YES;
				CLANG_WARN_EMPTY_BODY = YES;
				CLANG_WARN_ENUM_CONVERSION = YES;
				CLANG_WARN_INFINITE_RECURSION = YES;
				CLANG_WARN_INT_CONVERSION = YES;
				CLANG_WARN_NON_LITERAL_NULL_CONVERSION = YES;
				CLANG_WARN_OBJC_IMPLICIT_RETAIN_SELF = YES;
				CLANG_WARN_OBJC_LITERAL_CONVERSION = YES;
				CLANG_WARN_OBJC_ROOT_CLASS = YES_ERROR;
				CLANG_WARN_QUOTED_INCLUDE_IN_FRAMEWORK_HEADER = YES;
				CLANG_WARN_RANGE_LOOP_ANALYSIS = YES;
				CLANG_WARN_STRICT_PROTOTYPES = YES;
				CLANG_WARN_SUSPICIOUS_MOVE = YES;
				CLANG_WARN_UNGUARDED_AVAILABILITY = YES_AGGRESSIVE;
				CLANG_WARN_UNREACHABLE_CODE = YES;
				CLANG_WARN__DUPLICATE_METHOD_MATCH = YES;
				COPY_PHASE_STRIP = NO;
				DEBUG_INFORMATION_FORMAT = "dwarf-with-dsym";
				ENABLE_NS_ASSERTIONS = NO;
				ENABLE_STRICT_OBJC_MSGSEND = YES;
				GCC_C_LANGUAGE_STANDARD = gnu11;
				GCC_NO_COMMON_BLOCKS = YES;
				GCC_WARN_64_TO_32_BIT_CONVERSION = YES;
				GCC_WARN_ABOUT_RETURN_TYPE = YES_ERROR;
				GCC_WARN_UNDECLARED_SELECTOR = YES;
				GCC_WARN_UNINITIALIZED_AUTOS = YES_AGGRESSIVE;
				GCC_WARN_UNUSED_FUNCTION = YES;
				GCC_WARN_UNUSED_VARIABLE = YES;
				IPHONEOS_DEPLOYMENT_TARGET = 14.1;
				MTL_ENABLE_DEBUG_INFO = NO;
				MTL_FAST_MATH = YES;
				SDKROOT = iphoneos;
				SWIFT_COMPILATION_MODE = wholemodule;
				SWIFT_OPTIMIZATION_LEVEL = "-O";
				VALIDATE_PRODUCT = YES;
			};
			name = Release;
		};
		7555FFA6242A565B00829871 /* Debug */ = {
			isa = XCBuildConfiguration;
			buildSettings = {
				ASSETCATALOG_COMPILER_APPICON_NAME = AppIcon;
				CODE_SIGN_STYLE = Automatic;
				DEVELOPMENT_ASSET_PATHS = "\"iosApp/Preview Content\"";
				ENABLE_PREVIEWS = YES;
				FRAMEWORK_SEARCH_PATHS = "$(SRCROOT)/../shared/build/xcode-frameworks/$(CONFIGURATION)/$(SDK_NAME)";
				INFOPLIST_FILE = iosApp/Info.plist;
				IPHONEOS_DEPLOYMENT_TARGET = 16.0;
				LD_RUNPATH_SEARCH_PATHS = (
					"$(inherited)",
					"@executable_path/Frameworks",
				);
				OTHER_LDFLAGS = (
					"$(inherited)",
					"-framework",
					shared,
				);
				PRODUCT_BUNDLE_IDENTIFIER = orgIdentifier.iosApp;
				PRODUCT_NAME = "$(TARGET_NAME)";
				SWIFT_VERSION = 5.0;
				TARGETED_DEVICE_FAMILY = "1,2";
			};
			name = Debug;
		};
		7555FFA7242A565B00829871 /* Release */ = {
			isa = XCBuildConfiguration;
			buildSettings = {
				ASSETCATALOG_COMPILER_APPICON_NAME = AppIcon;
				CODE_SIGN_STYLE = Automatic;
				DEVELOPMENT_ASSET_PATHS = "\"iosApp/Preview Content\"";
				ENABLE_PREVIEWS = YES;
				FRAMEWORK_SEARCH_PATHS = "$(SRCROOT)/../shared/build/xcode-frameworks/$(CONFIGURATION)/$(SDK_NAME)";
				INFOPLIST_FILE = iosApp/Info.plist;
				IPHONEOS_DEPLOYMENT_TARGET = 16.0;
				LD_RUNPATH_SEARCH_PATHS = (
					"$(inherited)",
					"@executable_path/Frameworks",
				);
				OTHER_LDFLAGS = (
					"$(inherited)",
					"-framework",
					shared,
				);
				PRODUCT_BUNDLE_IDENTIFIER = orgIdentifier.iosApp;
				PRODUCT_NAME = "$(TARGET_NAME)";
				SWIFT_VERSION = 5.0;
				TARGETED_DEVICE_FAMILY = "1,2";
			};
			name = Release;
		};
/* End XCBuildConfiguration section */

/* Begin XCConfigurationList section */
		7555FF76242A565900829871 /* Build configuration list for PBXProject "iosApp" */ = {
			isa = XCConfigurationList;
			buildConfigurations = (
				7555FFA3242A565B00829871 /* Debug */,
				7555FFA4242A565B00829871 /* Release */,
			);
			defaultConfigurationIsVisible = 0;
			defaultConfigurationName = Release;
		};
		7555FFA5242A565B00829871 /* Build configuration list for PBXNativeTarget "iosApp" */ = {
			isa = XCConfigurationList;
			buildConfigurations = (
				7555FFA6242A565B00829871 /* Debug */,
				7555FFA7242A565B00829871 /* Release */,
			);
			defaultConfigurationIsVisible = 0;
			defaultConfigurationName = Release;
		};
/* End XCConfigurationList section */
	};
	rootObject = 7555FF73242A565900829871 /* Project object */;
}
